
Microsoft Visual Studio Solution File, Format Version 12.00
# Visual Studio 2013
VisualStudioVersion = 12.0.40629.0
MinimumVisualStudioVersion = 10.0.40219.1
Project("{FAE04EC0-301F-11D3-BF4B-00C04F79EFBC}") = "StringAndSearch", "StringAndSearch\StringAndSearch.csproj", "{B67AC111-CCFE-4135-A8D9-8AF87650E08E}"
EndProject
Project("{FAE04EC0-301F-11D3-BF4B-00C04F79EFBC}") = "UnitTest", "UnitTest\UnitTest.csproj", "{C6350EC5-260E-48E7-B5EF-D6080FB27682}"
EndProject
Project("{FAE04EC0-301F-11D3-BF4B-00C04F79EFBC}") = "NUnitTest", "NUnitTest\NUnitTest.csproj", "{7D1EC9E6-7F55-474B-A9E9-F507364355A2}"
EndProject
Global
	GlobalSection(SolutionConfigurationPlatforms) = preSolution
		Debug|Any CPU = Debug|Any CPU
		Release|Any CPU = Release|Any CPU
	EndGlobalSection
	GlobalSection(ProjectConfigurationPlatforms) = postSolution
		{B67AC111-CCFE-4135-A8D9-8AF87650E08E}.Debug|Any CPU.ActiveCfg = Debug|Any CPU
		{B67AC111-CCFE-4135-A8D9-8AF87650E08E}.Debug|Any CPU.Build.0 = Debug|Any CPU
		{B67AC111-CCFE-4135-A8D9-8AF87650E08E}.Release|Any CPU.ActiveCfg = Release|Any CPU
		{B67AC111-CCFE-4135-A8D9-8AF87650E08E}.Release|Any CPU.Build.0 = Release|Any CPU
		{C6350EC5-260E-48E7-B5EF-D6080FB27682}.Debug|Any CPU.ActiveCfg = Debug|Any CPU
		{C6350EC5-260E-48E7-B5EF-D6080FB27682}.Debug|Any CPU.Build.0 = Debug|Any CPU
		{C6350EC5-260E-48E7-B5EF-D6080FB27682}.Release|Any CPU.ActiveCfg = Release|Any CPU
		{C6350EC5-260E-48E7-B5EF-D6080FB27682}.Release|Any CPU.Build.0 = Release|Any CPU
		{7D1EC9E6-7F55-474B-A9E9-F507364355A2}.Debug|Any CPU.ActiveCfg = Debug|Any CPU
		{7D1EC9E6-7F55-474B-A9E9-F507364355A2}.Debug|Any CPU.Build.0 = Debug|Any CPU
		{7D1EC9E6-7F55-474B-A9E9-F507364355A2}.Release|Any CPU.ActiveCfg = Release|Any CPU
		{7D1EC9E6-7F55-474B-A9E9-F507364355A2}.Release|Any CPU.Build.0 = Release|Any CPU
	EndGlobalSection
	GlobalSection(SolutionProperties) = preSolution
		HideSolutionNode = FALSE
	EndGlobalSection
EndGlobal
